
Microsoft Visual Studio Solution File, Format Version 12.00
# Visual Studio Version 17
VisualStudioVersion = 17.4.33213.308
MinimumVisualStudioVersion = 10.0.40219.1
Project("{FAE04EC0-301F-11D3-BF4B-00C04F79EFBC}") = "Practica 5 - App Agenda", "Practica 5 - App Agenda\Practica 5 - App Agenda.csproj", "{938C5095-BA75-4E46-B344-C8E677F29B7B}"
EndProject
Global
	GlobalSection(SolutionConfigurationPlatforms) = preSolution
		Debug|Any CPU = Debug|Any CPU
		Release|Any CPU = Release|Any CPU
	EndGlobalSection
	GlobalSection(ProjectConfigurationPlatforms) = postSolution
		{938C5095-BA75-4E46-B344-C8E677F29B7B}.Debug|Any CPU.ActiveCfg = Debug|Any CPU
		{938C5095-BA75-4E46-B344-C8E677F29B7B}.Debug|Any CPU.Build.0 = Debug|Any CPU
		{938C5095-BA75-4E46-B344-C8E677F29B7B}.Release|Any CPU.ActiveCfg = Release|Any CPU
		{938C5095-BA75-4E46-B344-C8E677F29B7B}.Release|Any CPU.Build.0 = Release|Any CPU
	EndGlobalSection
	GlobalSection(SolutionProperties) = preSolution
		HideSolutionNode = FALSE
	EndGlobalSection
	GlobalSection(ExtensibilityGlobals) = postSolution
		SolutionGuid = {8C085209-8C88-4995-9E49-D0A41D75EA86}
	EndGlobalSection
EndGlobal
